{
  "lockfile_version": "1",
  "packages": {
    "bun@latest": {
      "last_modified": "2025-10-12T08:13:11Z",
      "resolved": "github:NixOS/nixpkgs/832e3b6db48508ae436c2c7bfc0cf914eac6938e#bun",
      "source": "devbox-search",
      "version": "1.3.0",
      "systems": {
        "aarch64-darwin": {
          "outputs": [
            {
              "name": "out",
              "path": "/nix/store/dccx7km0mm6shf1zizx760drifjbg1yr-bun-1.3.0",
              "default": true
            }
          ],
          "store_path": "/nix/store/dccx7km0mm6shf1zizx760drifjbg1yr-bun-1.3.0"
        },
        "aarch64-linux": {
          "outputs": [
            {
              "name": "out",
              "path": "/nix/store/wficmrz9bcj6rdx45jh86b2vznx0pdyb-bun-1.3.0",
              "default": true
            }
          ],
          "store_path": "/nix/store/wficmrz9bcj6rdx45jh86b2vznx0pdyb-bun-1.3.0"
        },
        "x86_64-darwin": {
          "outputs": [
            {
              "name": "out",
              "path": "/nix/store/n6jj18368id7h071j5i1zs26whgmc38y-bun-1.3.0",
              "default": true
            }
          ],
          "store_path": "/nix/store/n6jj18368id7h071j5i1zs26whgmc38y-bun-1.3.0"
        },
        "x86_64-linux": {
          "outputs": [
            {
              "name": "out",
              "path": "/nix/store/xcl91nw8b1zihm32cwxrqdvaakdnip75-bun-1.3.0",
              "default": true
            }
          ],
          "store_path": "/nix/store/xcl91nw8b1zihm32cwxrqdvaakdnip75-bun-1.3.0"
        }
      }
    },
    "d2@latest": {
      "last_modified": "2025-07-13T22:45:35Z",
      "resolved": "github:NixOS/nixpkgs/a421ac6595024edcfbb1ef950a3712b89161c359#d2",
      "source": "devbox-search",
      "version": "0.7.0",
      "systems": {
        "aarch64-darwin": {
          "outputs": [
            {
              "name": "out",
              "path": "/nix/store/c7faify4w3z9c9386lgvjrjbjy10av00-d2-0.7.0",
              "default": true
            }
          ],
          "store_path": "/nix/store/c7faify4w3z9c9386lgvjrjbjy10av00-d2-0.7.0"
        },
        "aarch64-linux": {
          "outputs": [
            {
              "name": "out",
              "path": "/nix/store/n7b9376az25zj90pxj84kv7padrrdvir-d2-0.7.0",
              "default": true
            }
          ],
          "store_path": "/nix/store/n7b9376az25zj90pxj84kv7padrrdvir-d2-0.7.0"
        },
        "x86_64-darwin": {
          "outputs": [
            {
              "name": "out",
              "path": "/nix/store/4w4x9vgm0mycbm5gmg2r48cvzr71isnz-d2-0.7.0",
              "default": true
            }
          ],
          "store_path": "/nix/store/4w4x9vgm0mycbm5gmg2r48cvzr71isnz-d2-0.7.0"
        },
        "x86_64-linux": {
          "outputs": [
            {
              "name": "out",
              "path": "/nix/store/xacp1qax4jy4px00i2alvk9y4nw0vcmr-d2-0.7.0",
              "default": true
            }
          ],
          "store_path": "/nix/store/xacp1qax4jy4px00i2alvk9y4nw0vcmr-d2-0.7.0"
        }
      }
    },
    "direnv@latest": {
      "last_modified": "2025-07-13T22:45:35Z",
      "resolved": "github:NixOS/nixpkgs/a421ac6595024edcfbb1ef950a3712b89161c359#direnv",
      "source": "devbox-search",
      "version": "2.37.0",
      "systems": {
        "aarch64-darwin": {
          "outputs": [
            {
              "name": "out",
              "path": "/nix/store/fh8hqhbj1k0b2g0ivhhrpdbm09msjb8v-direnv-2.37.0",
              "default": true
            }
          ],
          "store_path": "/nix/store/fh8hqhbj1k0b2g0ivhhrpdbm09msjb8v-direnv-2.37.0"
        },
        "aarch64-linux": {
          "outputs": [
            {
              "name": "out",
              "path": "/nix/store/hjlgzr19iskbmd5kc4abyaw4fpzk8p21-direnv-2.37.0",
              "default": true
            }
          ],
          "store_path": "/nix/store/hjlgzr19iskbmd5kc4abyaw4fpzk8p21-direnv-2.37.0"
        },
        "x86_64-darwin": {
          "outputs": [
            {
              "name": "out",
              "path": "/nix/store/kjwzjl9rflm6j9p9wwl4yjim9wl7yabs-direnv-2.37.0",
              "default": true
            }
          ],
          "store_path": "/nix/store/kjwzjl9rflm6j9p9wwl4yjim9wl7yabs-direnv-2.37.0"
        },
        "x86_64-linux": {
          "outputs": [
            {
              "name": "out",
              "path": "/nix/store/g0y8q1v5gash235qqbw5187bd4qsp149-direnv-2.37.0",
              "default": true
            }
          ],
          "store_path": "/nix/store/g0y8q1v5gash235qqbw5187bd4qsp149-direnv-2.37.0"
        }
      }
    },
    "git@latest": {
      "last_modified": "2025-11-15T07:28:48Z",
      "resolved": "github:NixOS/nixpkgs/1d4c88323ac36805d09657d13a5273aea1b34f0c#git",
      "source": "devbox-search",
      "version": "2.51.2",
      "systems": {
        "aarch64-darwin": {
          "outputs": [
            {
              "name": "out",
              "path": "/nix/store/k2vlwnvjcmnig77p65zipibvvim8rxq7-git-2.51.2",
              "default": true
            },
            {
              "name": "doc",
              "path": "/nix/store/6x44hx2f6g1y1viiaian2bvypb8djq39-git-2.51.2-doc"
            }
          ],
          "store_path": "/nix/store/k2vlwnvjcmnig77p65zipibvvim8rxq7-git-2.51.2"
        },
        "aarch64-linux": {
          "outputs": [
            {
              "name": "out",
              "path": "/nix/store/55j9qicj9fghz8yk3xsn2y9ab5mj4jdr-git-2.51.2",
              "default": true
            },
            {
              "name": "debug",
              "path": "/nix/store/vspa1pprrnj7xz3bhqayzih5mi7vhvvh-git-2.51.2-debug"
            },
            {
              "name": "doc",
              "path": "/nix/store/6zdv508cvrgfsnvvv5003ivsfcqngfvs-git-2.51.2-doc"
            }
          ],
          "store_path": "/nix/store/55j9qicj9fghz8yk3xsn2y9ab5mj4jdr-git-2.51.2"
        },
        "x86_64-darwin": {
          "outputs": [
            {
              "name": "out",
              "path": "/nix/store/sz4zzn7y6gal019wmqzxvcxc97wkgp9n-git-2.51.2",
              "default": true
            },
            {
              "name": "doc",
              "path": "/nix/store/np4lannd0w8jpagqw7mry4gklr903s2n-git-2.51.2-doc"
            }
          ],
          "store_path": "/nix/store/sz4zzn7y6gal019wmqzxvcxc97wkgp9n-git-2.51.2"
        },
        "x86_64-linux": {
          "outputs": [
            {
              "name": "out",
              "path": "/nix/store/q6jjgnyivwx7r4wynsi6g36k6srfy7mk-git-2.51.2",
              "default": true
            },
            {
              "name": "debug",
              "path": "/nix/store/f6zjr2bcd31qpvj4d4qsvqhfnnyc1kaz-git-2.51.2-debug"
            },
            {
              "name": "doc",
              "path": "/nix/store/9bir646idszbrn3j3wz98xq4m0kvzgrp-git-2.51.2-doc"
            }
          ],
          "store_path": "/nix/store/q6jjgnyivwx7r4wynsi6g36k6srfy7mk-git-2.51.2"
        }
      }
    },
    "github:NixOS/nixpkgs/nixpkgs-unstable": {
      "last_modified": "2025-07-15T16:15:05Z",
      "resolved": "github:NixOS/nixpkgs/dab3a6e781554f965bde3def0aa2fda4eb8f1708?lastModified=1752596105&narHash=sha256-lFNVsu%2FmHLq3q11MuGkMhUUoSXEdQjCHvpReaGP1S2k%3D"
    },
    "imagemagick@latest": {
      "last_modified": "2025-07-18T12:29:53Z",
      "resolved": "github:NixOS/nixpkgs/8131c0ea9df6293a247be743a387ff725e464db7#imagemagick",
      "source": "devbox-search",
      "version": "7.1.2-0",
      "systems": {
        "aarch64-darwin": {
          "outputs": [
            {
              "name": "out",
              "path": "/nix/store/ji9hv3mjpw8n6v02bkwsivn4r0gpbcr4-imagemagick-7.1.2-0",
              "default": true
            },
            {
              "name": "doc",
              "path": "/nix/store/yxv2pdmb95409g1sdshvhvcskz3nvg0z-imagemagick-7.1.2-0-doc"
            },
            {
              "name": "dev",
              "path": "/nix/store/5cigwl2xc00kdn4ai4cmibqaprhlfaxx-imagemagick-7.1.2-0-dev"
            }
          ],
          "store_path": "/nix/store/ji9hv3mjpw8n6v02bkwsivn4r0gpbcr4-imagemagick-7.1.2-0"
        },
        "aarch64-linux": {
          "outputs": [
            {
              "name": "out",
              "path": "/nix/store/3sl01x097b9slvp41ndczb4yxly63zh7-imagemagick-7.1.2-0",
              "default": true
            },
            {
              "name": "dev",
              "path": "/nix/store/74j99qf6kna414n3s305x7xr1mm35aa8-imagemagick-7.1.2-0-dev"
            },
            {
              "name": "doc",
              "path": "/nix/store/jjx42lxykq3d9zch9xk3j3q8zyvpw2yi-imagemagick-7.1.2-0-doc"
            }
          ],
          "store_path": "/nix/store/3sl01x097b9slvp41ndczb4yxly63zh7-imagemagick-7.1.2-0"
        },
        "x86_64-darwin": {
          "outputs": [
            {
              "name": "out",
              "path": "/nix/store/4695s3b6rqsv0fmw46yskv52f9nmab3v-imagemagick-7.1.2-0",
              "default": true
            },
            {
              "name": "dev",
              "path": "/nix/store/9v7fii062f9nvq6wic4p5aaz880g1fhr-imagemagick-7.1.2-0-dev"
            },
            {
              "name": "doc",
              "path": "/nix/store/khc0w8v07vldnchgrmpj8jvbja2jxrbc-imagemagick-7.1.2-0-doc"
            }
          ],
          "store_path": "/nix/store/4695s3b6rqsv0fmw46yskv52f9nmab3v-imagemagick-7.1.2-0"
        },
        "x86_64-linux": {
          "outputs": [
            {
              "name": "out",
              "path": "/nix/store/q45pdyfmh2mb5525pkibylcfl8ygnf97-imagemagick-7.1.2-0",
              "default": true
            },
            {
              "name": "dev",
              "path": "/nix/store/szfzal0l76svw7axn3sq8qx6wdiq1akp-imagemagick-7.1.2-0-dev"
            },
            {
              "name": "doc",
              "path": "/nix/store/947pqc42yhccyd1qwm2mv7pg5zykngzi-imagemagick-7.1.2-0-doc"
            }
          ],
          "store_path": "/nix/store/q45pdyfmh2mb5525pkibylcfl8ygnf97-imagemagick-7.1.2-0"
        }
      }
    },
    "nodejs@20": {
      "last_modified": "2025-07-17T10:11:59Z",
      "plugin_version": "0.0.2",
      "resolved": "github:NixOS/nixpkgs/fa0ef8a6bb1651aa26c939aeb51b5f499e86b0ec#nodejs_20",
      "source": "devbox-search",
      "version": "20.19.3",
      "systems": {
        "aarch64-darwin": {
          "outputs": [
            {
              "name": "out",
              "path": "/nix/store/ziq8kikxqx0x7azvayw0c87b2fid2gxm-nodejs-20.19.3",
              "default": true
            },
            {
              "name": "dev",
              "path": "/nix/store/y2v3ra5j4qihwsbgm44y5aghzmyp0ihd-nodejs-20.19.3-dev"
            },
            {
              "name": "libv8",
              "path": "/nix/store/bkg0qwhgb0fm7s1vak2kxyw0liixsmyz-nodejs-20.19.3-libv8"
            }
          ],
          "store_path": "/nix/store/ziq8kikxqx0x7azvayw0c87b2fid2gxm-nodejs-20.19.3"
        },
        "aarch64-linux": {
          "outputs": [
            {
              "name": "out",
              "path": "/nix/store/q5dzva92svyaggw8q317vrycf3819klb-nodejs-20.19.3",
              "default": true
            },
            {
              "name": "dev",
              "path": "/nix/store/0gcxlbck2fsgxck9mxdzaz7pbnp7s1v4-nodejs-20.19.3-dev"
            },
            {
              "name": "libv8",
              "path": "/nix/store/ph00lsnk4zjf374picqpcd2xbz7lw7kg-nodejs-20.19.3-libv8"
            }
          ],
          "store_path": "/nix/store/q5dzva92svyaggw8q317vrycf3819klb-nodejs-20.19.3"
        },
        "x86_64-darwin": {
          "outputs": [
            {
              "name": "out",
              "path": "/nix/store/mkddjk5rywghc65bsdy9ywsimb8kvs61-nodejs-20.19.3",
              "default": true
            },
            {
              "name": "libv8",
              "path": "/nix/store/m8qvlazx3pwgmgs07ybyymav96i90z59-nodejs-20.19.3-libv8"
            },
            {
              "name": "dev",
              "path": "/nix/store/a1bpjcgb0lf5wi05832dd828id5w6mqi-nodejs-20.19.3-dev"
            }
          ],
          "store_path": "/nix/store/mkddjk5rywghc65bsdy9ywsimb8kvs61-nodejs-20.19.3"
        },
        "x86_64-linux": {
          "outputs": [
            {
              "name": "out",
              "path": "/nix/store/lz7iav1hd92jbv44zf2rdd7b2mj23536-nodejs-20.19.3",
              "default": true
            },
            {
              "name": "libv8",
              "path": "/nix/store/40y5gxvkl5g51pz0cvp1hn5dm10bncdb-nodejs-20.19.3-libv8"
            },
            {
              "name": "dev",
              "path": "/nix/store/ljli5b39d0fb9i8299ydf1fr6g7bqszs-nodejs-20.19.3-dev"
            }
          ],
          "store_path": "/nix/store/lz7iav1hd92jbv44zf2rdd7b2mj23536-nodejs-20.19.3"
        }
      }
    },
    "python@3.11": {
      "last_modified": "2025-07-13T22:45:35Z",
      "plugin_version": "0.0.4",
      "resolved": "github:NixOS/nixpkgs/a421ac6595024edcfbb1ef950a3712b89161c359#python311",
      "source": "devbox-search",
      "version": "3.11.13",
      "systems": {
        "aarch64-darwin": {
          "outputs": [
            {
              "name": "out",
              "path": "/nix/store/ycjsccacicqdghkaafhp2m120crj1kpf-python3-3.11.13",
              "default": true
            }
          ],
          "store_path": "/nix/store/ycjsccacicqdghkaafhp2m120crj1kpf-python3-3.11.13"
        },
        "aarch64-linux": {
          "outputs": [
            {
              "name": "out",
              "path": "/nix/store/8wv78828icd6q6wj3bgsg0kvghjgnsjz-python3-3.11.13",
              "default": true
            },
            {
              "name": "debug",
              "path": "/nix/store/y9rf7n4n7s2rkzysk0whw1chp6s3jx64-python3-3.11.13-debug"
            }
          ],
          "store_path": "/nix/store/8wv78828icd6q6wj3bgsg0kvghjgnsjz-python3-3.11.13"
        },
        "x86_64-darwin": {
          "outputs": [
            {
              "name": "out",
              "path": "/nix/store/fp45304m5h723ypsbsbx7a1x5mka8ini-python3-3.11.13",
              "default": true
            }
          ],
          "store_path": "/nix/store/fp45304m5h723ypsbsbx7a1x5mka8ini-python3-3.11.13"
        },
        "x86_64-linux": {
          "outputs": [
            {
              "name": "out",
              "path": "/nix/store/blmbwskhrdv9y3vibxbwhw7602aikfww-python3-3.11.13",
              "default": true
            },
            {
              "name": "debug",
              "path": "/nix/store/jpnzi866ylj7lxcxjngbmy2m2f670yqi-python3-3.11.13-debug"
            }
          ],
          "store_path": "/nix/store/blmbwskhrdv9y3vibxbwhw7602aikfww-python3-3.11.13"
        }
      }
    },
    "uv@latest": {
      "last_modified": "2025-07-13T22:45:35Z",
      "resolved": "github:NixOS/nixpkgs/a421ac6595024edcfbb1ef950a3712b89161c359#uv",
      "source": "devbox-search",
      "version": "0.7.20",
      "systems": {
        "aarch64-darwin": {
          "outputs": [
            {
              "name": "out",
              "path": "/nix/store/8ci0rsgacxbxyir7mwknjdc8pi6rmp9z-uv-0.7.20",
              "default": true
            }
          ],
          "store_path": "/nix/store/8ci0rsgacxbxyir7mwknjdc8pi6rmp9z-uv-0.7.20"
        },
        "aarch64-linux": {
          "outputs": [
            {
              "name": "out",
              "path": "/nix/store/bi9hwz1fddjp005qnhkvr9qx92pssjpq-uv-0.7.20",
              "default": true
            }
          ],
          "store_path": "/nix/store/bi9hwz1fddjp005qnhkvr9qx92pssjpq-uv-0.7.20"
        },
        "x86_64-darwin": {
          "outputs": [
            {
              "name": "out",
              "path": "/nix/store/g6cb2jsk1hg056nbngk0pxa87dkm2634-uv-0.7.20",
              "default": true
            }
          ],
          "store_path": "/nix/store/g6cb2jsk1hg056nbngk0pxa87dkm2634-uv-0.7.20"
        },
        "x86_64-linux": {
          "outputs": [
            {
              "name": "out",
              "path": "/nix/store/i17kw12rrlgn8fp6hxw73lqi0jdcwmbs-uv-0.7.20",
              "default": true
            }
          ],
          "store_path": "/nix/store/i17kw12rrlgn8fp6hxw73lqi0jdcwmbs-uv-0.7.20"
        }
      }
    }
  }
}
